Microsoft Visual Studio Solution File, Format Version 12.00
# Visual Studio 15
VisualStudioVersion = 15.0.26730.15
MinimumVisualStudioVersion = 15.0.26124.0
Project("{9A19103F-16F7-4668-BE54-9A1E7A4F7556}") = "WebApp", "WebApp\WebApp.csproj", "{552EE7CA-98F7-4494-A568-1BAED4FBB72B}"
EndProject
Project("{9A19103F-16F7-4668-BE54-9A1E7A4F7556}") = "Domain", "Domain\Domain.csproj", "{EA41FD73-3C6B-4DCA-B060-02617D43B29E}"
EndProject
Project("{9A19103F-16F7-4668-BE54-9A1E7A4F7556}") = "Infra", "Infra\Infra.csproj", "{72FD4325-95F9-4490-B6E8-B02709DE6F10}"
EndProject
Global
	GlobalSection(SolutionConfigurationPlatforms) = preSolution
		Debug|Any CPU = Debug|Any CPU
		Debug|x64 = Debug|x64
		Debug|x86 = Debug|x86
		Release|Any CPU = Release|Any CPU
		Release|x64 = Release|x64
		Release|x86 = Release|x86
	EndGlobalSection
	GlobalSection(ProjectConfigurationPlatforms) = postSolution
		{552EE7CA-98F7-4494-A568-1BAED4FBB72B}.Debug|Any CPU.ActiveCfg = Debug|Any CPU
		{552EE7CA-98F7-4494-A568-1BAED4FBB72B}.Debug|Any CPU.Build.0 = Debug|Any CPU
		{552EE7CA-98F7-4494-A568-1BAED4FBB72B}.Debug|x64.ActiveCfg = Debug|Any CPU
		{552EE7CA-98F7-4494-A568-1BAED4FBB72B}.Debug|x64.Build.0 = Debug|Any CPU
		{552EE7CA-98F7-4494-A568-1BAED4FBB72B}.Debug|x86.ActiveCfg = Debug|Any CPU
		{552EE7CA-98F7-4494-A568-1BAED4FBB72B}.Debug|x86.Build.0 = Debug|Any CPU
		{552EE7CA-98F7-4494-A568-1BAED4FBB72B}.Release|Any CPU.ActiveCfg = Release|Any CPU
		{552EE7CA-98F7-4494-A568-1BAED4FBB72B}.Release|Any CPU.Build.0 = Release|Any CPU
		{552EE7CA-98F7-4494-A568-1BAED4FBB72B}.Release|x64.ActiveCfg = Release|Any CPU
		{552EE7CA-98F7-4494-A568-1BAED4FBB72B}.Release|x64.Build.0 = Release|Any CPU
		{552EE7CA-98F7-4494-A568-1BAED4FBB72B}.Release|x86.ActiveCfg = Release|Any CPU
		{552EE7CA-98F7-4494-A568-1BAED4FBB72B}.Release|x86.Build.0 = Release|Any CPU
		{EA41FD73-3C6B-4DCA-B060-02617D43B29E}.Debug|Any CPU.ActiveCfg = Debug|Any CPU
		{EA41FD73-3C6B-4DCA-B060-02617D43B29E}.Debug|Any CPU.Build.0 = Debug|Any CPU
		{EA41FD73-3C6B-4DCA-B060-02617D43B29E}.Debug|x64.ActiveCfg = Debug|Any CPU
		{EA41FD73-3C6B-4DCA-B060-02617D43B29E}.Debug|x64.Build.0 = Debug|Any CPU
		{EA41FD73-3C6B-4DCA-B060-02617D43B29E}.Debug|x86.ActiveCfg = Debug|Any CPU
		{EA41FD73-3C6B-4DCA-B060-02617D43B29E}.Debug|x86.Build.0 = Debug|Any CPU
		{EA41FD73-3C6B-4DCA-B060-02617D43B29E}.Release|Any CPU.ActiveCfg = Release|Any CPU
		{EA41FD73-3C6B-4DCA-B060-02617D43B29E}.Release|Any CPU.Build.0 = Release|Any CPU
		{EA41FD73-3C6B-4DCA-B060-02617D43B29E}.Release|x64.ActiveCfg = Release|Any CPU
		{EA41FD73-3C6B-4DCA-B060-02617D43B29E}.Release|x64.Build.0 = Release|Any CPU
		{EA41FD73-3C6B-4DCA-B060-02617D43B29E}.Release|x86.ActiveCfg = Release|Any CPU
		{EA41FD73-3C6B-4DCA-B060-02617D43B29E}.Release|x86.Build.0 = Release|Any CPU
		{72FD4325-95F9-4490-B6E8-B02709DE6F10}.Debug|Any CPU.ActiveCfg = Debug|Any CPU
		{72FD4325-95F9-4490-B6E8-B02709DE6F10}.Debug|Any CPU.Build.0 = Debug|Any CPU
		{72FD4325-95F9-4490-B6E8-B02709DE6F10}.Debug|x64.ActiveCfg = Debug|Any CPU
		{72FD4325-95F9-4490-B6E8-B02709DE6F10}.Debug|x64.Build.0 = Debug|Any CPU
		{72FD4325-95F9-4490-B6E8-B02709DE6F10}.Debug|x86.ActiveCfg = Debug|Any CPU
		{72FD4325-95F9-4490-B6E8-B02709DE6F10}.Debug|x86.Build.0 = Debug|Any CPU
		{72FD4325-95F9-4490-B6E8-B02709DE6F10}.Release|Any CPU.ActiveCfg = Release|Any CPU
		{72FD4325-95F9-4490-B6E8-B02709DE6F10}.Release|Any CPU.Build.0 = Release|Any CPU
		{72FD4325-95F9-4490-B6E8-B02709DE6F10}.Release|x64.ActiveCfg = Release|Any CPU
		{72FD4325-95F9-4490-B6E8-B02709DE6F10}.Release|x64.Build.0 = Release|Any CPU
		{72FD4325-95F9-4490-B6E8-B02709DE6F10}.Release|x86.ActiveCfg = Release|Any CPU
		{72FD4325-95F9-4490-B6E8-B02709DE6F10}.Release|x86.Build.0 = Release|Any CPU
	EndGlobalSection
	GlobalSection(SolutionProperties) = preSolution
		HideSolutionNode = FALSE
	EndGlobalSection
	GlobalSection(ExtensibilityGlobals) = postSolution
		SolutionGuid = {3BF84E6C-5FB3-4F91-B3D6-59516BC7CCE9}
	EndGlobalSection
EndGlobal
